
Microsoft Visual Studio Solution File, Format Version 12.00
# Visual Studio Version 17
VisualStudioVersion = 17.11.35327.3
MinimumVisualStudioVersion = 10.0.40219.1
Project("{FAE04EC0-301F-11D3-BF4B-00C04F79EFBC}") = "Project A", "Project A\Project A.csproj", "{23BA467A-C527-427C-85C5-5B3A36BEC44E}"
EndProject
Project("{FAE04EC0-301F-11D3-BF4B-00C04F79EFBC}") = "TestProject1", "TestProject1\TestProject1.csproj", "{749CA509-862C-468B-B075-9F2E620D921C}"
EndProject
Global
	GlobalSection(SolutionConfigurationPlatforms) = preSolution
		Debug|Any CPU = Debug|Any CPU
		Release|Any CPU = Release|Any CPU
	EndGlobalSection
	GlobalSection(ProjectConfigurationPlatforms) = postSolution
		{23BA467A-C527-427C-85C5-5B3A36BEC44E}.Debug|Any CPU.ActiveCfg = Debug|Any CPU
		{23BA467A-C527-427C-85C5-5B3A36BEC44E}.Debug|Any CPU.Build.0 = Debug|Any CPU
		{23BA467A-C527-427C-85C5-5B3A36BEC44E}.Release|Any CPU.ActiveCfg = Release|Any CPU
		{23BA467A-C527-427C-85C5-5B3A36BEC44E}.Release|Any CPU.Build.0 = Release|Any CPU
		{749CA509-862C-468B-B075-9F2E620D921C}.Debug|Any CPU.ActiveCfg = Debug|Any CPU
		{749CA509-862C-468B-B075-9F2E620D921C}.Debug|Any CPU.Build.0 = Debug|Any CPU
		{749CA509-862C-468B-B075-9F2E620D921C}.Release|Any CPU.ActiveCfg = Release|Any CPU
		{749CA509-862C-468B-B075-9F2E620D921C}.Release|Any CPU.Build.0 = Release|Any CPU
	EndGlobalSection
	GlobalSection(SolutionProperties) = preSolution
		HideSolutionNode = FALSE
	EndGlobalSection
	GlobalSection(ExtensibilityGlobals) = postSolution
		SolutionGuid = {AF1EFA8E-D1D4-4C45-AF3E-449FBFAD6563}
	EndGlobalSection
EndGlobal
